
Microsoft Visual Studio Solution File, Format Version 12.00
# Visual Studio Version 16
VisualStudioVersion = 16.0.29911.84
MinimumVisualStudioVersion = 10.0.40219.1
Project("{FAE04EC0-301F-11D3-BF4B-00C04F79EFBC}") = "CalClient", "No_rz43_Calcualtor01\CalClient.csproj", "{9D8350D4-6D14-49FD-A52C-87D5E344EEA8}"
EndProject
Project("{FAE04EC0-301F-11D3-BF4B-00C04F79EFBC}") = "CalcualtorLib", "No_rz43_CalcualtorLib\CalcualtorLib.csproj", "{BD7F9196-1C93-43E0-A466-B516AF12AEC7}"
EndProject
Project("{FAE04EC0-301F-11D3-BF4B-00C04F79EFBC}") = "CalcualtorLib.Test", "No_rz43_CalcualtorLib.Test\CalcualtorLib.Test.csproj", "{9B8E89A8-ED6B-4812-89D9-8B6DBE711273}"
EndProject
Project("{FAE04EC0-301F-11D3-BF4B-00C04F79EFBC}") = "CalcualtorUI", "CalcualtorUI\CalcualtorUI.csproj", "{C9777D9D-78AB-4224-85A4-D713B29CCCCC}"
EndProject
Global
	GlobalSection(SolutionConfigurationPlatforms) = preSolution
		Debug|Any CPU = Debug|Any CPU
		Release|Any CPU = Release|Any CPU
	EndGlobalSection
	GlobalSection(ProjectConfigurationPlatforms) = postSolution
		{9D8350D4-6D14-49FD-A52C-87D5E344EEA8}.Debug|Any CPU.ActiveCfg = Debug|Any CPU
		{9D8350D4-6D14-49FD-A52C-87D5E344EEA8}.Debug|Any CPU.Build.0 = Debug|Any CPU
		{9D8350D4-6D14-49FD-A52C-87D5E344EEA8}.Release|Any CPU.ActiveCfg = Release|Any CPU
		{9D8350D4-6D14-49FD-A52C-87D5E344EEA8}.Release|Any CPU.Build.0 = Release|Any CPU
		{BD7F9196-1C93-43E0-A466-B516AF12AEC7}.Debug|Any CPU.ActiveCfg = Debug|Any CPU
		{BD7F9196-1C93-43E0-A466-B516AF12AEC7}.Debug|Any CPU.Build.0 = Debug|Any CPU
		{BD7F9196-1C93-43E0-A466-B516AF12AEC7}.Release|Any CPU.ActiveCfg = Release|Any CPU
		{BD7F9196-1C93-43E0-A466-B516AF12AEC7}.Release|Any CPU.Build.0 = Release|Any CPU
		{9B8E89A8-ED6B-4812-89D9-8B6DBE711273}.Debug|Any CPU.ActiveCfg = Debug|Any CPU
		{9B8E89A8-ED6B-4812-89D9-8B6DBE711273}.Debug|Any CPU.Build.0 = Debug|Any CPU
		{9B8E89A8-ED6B-4812-89D9-8B6DBE711273}.Release|Any CPU.ActiveCfg = Release|Any CPU
		{9B8E89A8-ED6B-4812-89D9-8B6DBE711273}.Release|Any CPU.Build.0 = Release|Any CPU
		{C9777D9D-78AB-4224-85A4-D713B29CCCCC}.Debug|Any CPU.ActiveCfg = Debug|Any CPU
		{C9777D9D-78AB-4224-85A4-D713B29CCCCC}.Debug|Any CPU.Build.0 = Debug|Any CPU
		{C9777D9D-78AB-4224-85A4-D713B29CCCCC}.Release|Any CPU.ActiveCfg = Release|Any CPU
		{C9777D9D-78AB-4224-85A4-D713B29CCCCC}.Release|Any CPU.Build.0 = Release|Any CPU
	EndGlobalSection
	GlobalSection(SolutionProperties) = preSolution
		HideSolutionNode = FALSE
	EndGlobalSection
	GlobalSection(ExtensibilityGlobals) = postSolution
		SolutionGuid = {B110EC64-C552-462C-89F2-768D879233FB}
	EndGlobalSection
EndGlobal
